// !$*UTF8*$!
{
	archiveVersion = 1;
	classes = {
	};
	objectVersion = 50;
	objects = {

/* Begin PBXBuildFile section */
		D3E4086B26831B73008F4D60 /* AppDelegate.swift in Sources */ = {isa = PBXBuildFile; fileRef = D3E4086A26831B73008F4D60 /* AppDelegate.swift */; };
		D3E4086E26831B73008F4D60 /* Main.storyboard in Resources */ = {isa = PBXBuildFile; fileRef = D3E4086C26831B73008F4D60 /* Main.storyboard */; };
		D3E4087026831B73008F4D60 /* ViewController.swift in Sources */ = {isa = PBXBuildFile; fileRef = D3E4086F26831B73008F4D60 /* ViewController.swift */; };
		D3E4087226831B75008F4D60 /* Assets.xcassets in Resources */ = {isa = PBXBuildFile; fileRef = D3E4087126831B75008F4D60 /* Assets.xcassets */; };
		D3E4087926831B75008F4D60 /* 10ten Japanese Reader Extension.appex in Embed App Extensions */ = {isa = PBXBuildFile; fileRef = D3E4087826831B75008F4D60 /* 10ten Japanese Reader Extension.appex */; settings = {ATTRIBUTES = (RemoveHeadersOnCopy, ); }; };
		D3E4087E26831B75008F4D60 /* Cocoa.framework in Frameworks */ = {isa = PBXBuildFile; fileRef = D3E4087D26831B75008F4D60 /* Cocoa.framework */; };
		D3E4088126831B75008F4D60 /* SafariWebExtensionHandler.swift in Sources */ = {isa = PBXBuildFile; fileRef = D3E4088026831B75008F4D60 /* SafariWebExtensionHandler.swift */; };
		D3E4089C26831B77008F4D60 /* 10ten-ja-jpdict.js in Resources */ = {isa = PBXBuildFile; fileRef = D3E4089026831B77008F4D60 /* 10ten-ja-jpdict.js */; };
		D3E4089D26831B77008F4D60 /* css in Resources */ = {isa = PBXBuildFile; fileRef = D3E4089126831B77008F4D60 /* css */; };
		D3E4089E26831B77008F4D60 /* images in Resources */ = {isa = PBXBuildFile; fileRef = D3E4089226831B77008F4D60 /* images */; };
		D3E4089F26831B77008F4D60 /* 10ten-ja-background.js in Resources */ = {isa = PBXBuildFile; fileRef = D3E4089326831B77008F4D60 /* 10ten-ja-background.js */; };
		D3E408A026831B77008F4D60 /* 10ten-ja-options.js in Resources */ = {isa = PBXBuildFile; fileRef = D3E4089426831B77008F4D60 /* 10ten-ja-options.js */; };
		D3E408A126831B77008F4D60 /* manifest.json in Resources */ = {isa = PBXBuildFile; fileRef = D3E4089626831B77008F4D60 /* manifest.json */; };
		D3E408A226831B77008F4D60 /* options.html in Resources */ = {isa = PBXBuildFile; fileRef = D3E4089726831B77008F4D60 /* options.html */; };
		D3E408A326831B77008F4D60 /* 10ten-ja-content.js in Resources */ = {isa = PBXBuildFile; fileRef = D3E4089826831B77008F4D60 /* 10ten-ja-content.js */; };
		D3E408A426831B77008F4D60 /* _locales in Resources */ = {isa = PBXBuildFile; fileRef = D3E4089926831B77008F4D60 /* _locales */; };
		D3E408A526831B77008F4D60 /* data in Resources */ = {isa = PBXBuildFile; fileRef = D3E4089A26831B77008F4D60 /* data */; };
/* End PBXBuildFile section */

/* Begin PBXContainerItemProxy section */
		D3E4087A26831B75008F4D60 /* PBXContainerItemProxy */ = {
			isa = PBXContainerItemProxy;
			containerPortal = D3E4085E26831B73008F4D60 /* Project object */;
			proxyType = 1;
			remoteGlobalIDString = D3E4087726831B75008F4D60;
			remoteInfo = "10ten Japanese Reader Extension";
		};
/* End PBXContainerItemProxy section */

/* Begin PBXCopyFilesBuildPhase section */
		D3E4088926831B75008F4D60 /* Embed App Extensions */ = {
			isa = PBXCopyFilesBuildPhase;
			buildActionMask = 2147483647;
			dstPath = "";
			dstSubfolderSpec = 13;
			files = (
				D3E4087926831B75008F4D60 /* 10ten Japanese Reader Extension.appex in Embed App Extensions */,
			);
			name = "Embed App Extensions";
			runOnlyForDeploymentPostprocessing = 0;
		};
/* End PBXCopyFilesBuildPhase section */

/* Begin PBXFileReference section */
		D3E4086626831B73008F4D60 /* 10ten Japanese Reader.app */ = {isa = PBXFileReference; explicitFileType = wrapper.application; includeInIndex = 0; path = "10ten Japanese Reader.app"; sourceTree = BUILT_PRODUCTS_DIR; };
		D3E4086926831B73008F4D60 /* tenten-ja-reader.entitlements */ = {isa = PBXFileReference; lastKnownFileType = text.plist.entitlements; path = "tenten-ja-reader.entitlements"; sourceTree = "<group>"; };
		D3E4086A26831B73008F4D60 /* AppDelegate.swift */ = {isa = PBXFileReference; lastKnownFileType = sourcecode.swift; path = AppDelegate.swift; sourceTree = "<group>"; };
		D3E4086D26831B73008F4D60 /* Base */ = {isa = PBXFileReference; lastKnownFileType = file.storyboard; name = Base; path = Base.lproj/Main.storyboard; sourceTree = "<group>"; };
		D3E4086F26831B73008F4D60 /* ViewController.swift */ = {isa = PBXFileReference; lastKnownFileType = sourcecode.swift; path = ViewController.swift; sourceTree = "<group>"; };
		D3E4087126831B75008F4D60 /* Assets.xcassets */ = {isa = PBXFileReference; lastKnownFileType = folder.assetcatalog; path = Assets.xcassets; sourceTree = "<group>"; };
		D3E4087326831B75008F4D60 /* Info.plist */ = {isa = PBXFileReference; lastKnownFileType = text.plist.xml; path = Info.plist; sourceTree = "<group>"; };
		D3E4087826831B75008F4D60 /* 10ten Japanese Reader Extension.appex */ = {isa = PBXFileReference; explicitFileType = "wrapper.app-extension"; includeInIndex = 0; path = "10ten Japanese Reader Extension.appex"; sourceTree = BUILT_PRODUCTS_DIR; };
		D3E4087D26831B75008F4D60 /* Cocoa.framework */ = {isa = PBXFileReference; lastKnownFileType = wrapper.framework; name = Cocoa.framework; path = System/Library/Frameworks/Cocoa.framework; sourceTree = SDKROOT; };
		D3E4088026831B75008F4D60 /* SafariWebExtensionHandler.swift */ = {isa = PBXFileReference; lastKnownFileType = sourcecode.swift; path = SafariWebExtensionHandler.swift; sourceTree = "<group>"; };
		D3E4088226831B75008F4D60 /* Info.plist */ = {isa = PBXFileReference; lastKnownFileType = text.plist.xml; path = Info.plist; sourceTree = "<group>"; };
		D3E4088326831B75008F4D60 /* tenten-ja-reader-extension.entitlements */ = {isa = PBXFileReference; lastKnownFileType = text.plist.entitlements; path = "tenten-ja-reader-extension.entitlements"; sourceTree = "<group>"; };
		D3E4088E26831B77008F4D60 /* 10ten-ja-background.js.map */ = {isa = PBXFileReference; lastKnownFileType = "sourcecode.module-map"; name = "10ten-ja-background.js.map"; path = "../../dist-safari/10ten-ja-background.js.map"; sourceTree = "<group>"; };
		D3E4088F26831B77008F4D60 /* 10ten-ja-content.js.map */ = {isa = PBXFileReference; lastKnownFileType = "sourcecode.module-map"; name = "10ten-ja-content.js.map"; path = "../../dist-safari/10ten-ja-content.js.map"; sourceTree = "<group>"; };
		D3E4089026831B77008F4D60 /* 10ten-ja-jpdict.js */ = {isa = PBXFileReference; lastKnownFileType = sourcecode.javascript; name = "10ten-ja-jpdict.js"; path = "../../dist-safari/10ten-ja-jpdict.js"; sourceTree = "<group>"; };
		D3E4089126831B77008F4D60 /* css */ = {isa = PBXFileReference; lastKnownFileType = folder; name = css; path = "../../dist-safari/css"; sourceTree = "<group>"; };
		D3E4089226831B77008F4D60 /* images */ = {isa = PBXFileReference; lastKnownFileType = folder; name = images; path = "../../dist-safari/images"; sourceTree = "<group>"; };
		D3E4089326831B77008F4D60 /* 10ten-ja-background.js */ = {isa = PBXFileReference; lastKnownFileType = sourcecode.javascript; name = "10ten-ja-background.js"; path = "../../dist-safari/10ten-ja-background.js"; sourceTree = "<group>"; };
		D3E4089426831B77008F4D60 /* 10ten-ja-options.js */ = {isa = PBXFileReference; lastKnownFileType = sourcecode.javascript; name = "10ten-ja-options.js"; path = "../../dist-safari/10ten-ja-options.js"; sourceTree = "<group>"; };
		D3E4089526831B77008F4D60 /* 10ten-ja-jpdict.js.map */ = {isa = PBXFileReference; lastKnownFileType = "sourcecode.module-map"; name = "10ten-ja-jpdict.js.map"; path = "../../dist-safari/10ten-ja-jpdict.js.map"; sourceTree = "<group>"; };
		D3E4089626831B77008F4D60 /* manifest.json */ = {isa = PBXFileReference; lastKnownFileType = text.json; name = manifest.json; path = "../../dist-safari/manifest.json"; sourceTree = "<group>"; };
		D3E4089726831B77008F4D60 /* options.html */ = {isa = PBXFileReference; lastKnownFileType = text.html; name = options.html; path = "../../dist-safari/options.html"; sourceTree = "<group>"; };
		D3E4089826831B77008F4D60 /* 10ten-ja-content.js */ = {isa = PBXFileReference; lastKnownFileType = sourcecode.javascript; name = "10ten-ja-content.js"; path = "../../dist-safari/10ten-ja-content.js"; sourceTree = "<group>"; };
		D3E4089926831B77008F4D60 /* _locales */ = {isa = PBXFileReference; lastKnownFileType = folder; name = _locales; path = "../../dist-safari/_locales"; sourceTree = "<group>"; };
		D3E4089A26831B77008F4D60 /* data */ = {isa = PBXFileReference; lastKnownFileType = folder; name = data; path = "../../dist-safari/data"; sourceTree = "<group>"; };
		D3E4089B26831B77008F4D60 /* 10ten-ja-options.js.map */ = {isa = PBXFileReference; lastKnownFileType = "sourcecode.module-map"; name = "10ten-ja-options.js.map"; path = "../../dist-safari/10ten-ja-options.js.map"; sourceTree = "<group>"; };
/* End PBXFileReference section */

/* Begin PBXFrameworksBuildPhase section */
		D3E4086326831B73008F4D60 /* Frameworks */ = {
			isa = PBXFrameworksBuildPhase;
			buildActionMask = 2147483647;
			files = (
			);
			runOnlyForDeploymentPostprocessing = 0;
		};
		D3E4087526831B75008F4D60 /* Frameworks */ = {
			isa = PBXFrameworksBuildPhase;
			buildActionMask = 2147483647;
			files = (
				D3E4087E26831B75008F4D60 /* Cocoa.framework in Frameworks */,
			);
			runOnlyForDeploymentPostprocessing = 0;
		};
/* End PBXFrameworksBuildPhase section */

/* Begin PBXGroup section */
		D3E4085D26831B73008F4D60 = {
			isa = PBXGroup;
			children = (
				D3E4086826831B73008F4D60 /* 10ten Japanese Reader */,
				D3E4087F26831B75008F4D60 /* 10ten Japanese Reader Extension */,
				D3E4087C26831B75008F4D60 /* Frameworks */,
				D3E4086726831B73008F4D60 /* Products */,
			);
			indentWidth = 2;
			sourceTree = "<group>";
			tabWidth = 2;
		};
		D3E4086726831B73008F4D60 /* Products */ = {
			isa = PBXGroup;
			children = (
				D3E4086626831B73008F4D60 /* 10ten Japanese Reader.app */,
				D3E4087826831B75008F4D60 /* 10ten Japanese Reader Extension.appex */,
			);
			name = Products;
			sourceTree = "<group>";
		};
		D3E4086826831B73008F4D60 /* 10ten Japanese Reader */ = {
			isa = PBXGroup;
			children = (
				D3E4086926831B73008F4D60 /* tenten-ja-reader.entitlements */,
				D3E4086A26831B73008F4D60 /* AppDelegate.swift */,
				D3E4086C26831B73008F4D60 /* Main.storyboard */,
				D3E4086F26831B73008F4D60 /* ViewController.swift */,
				D3E4087126831B75008F4D60 /* Assets.xcassets */,
				D3E4087326831B75008F4D60 /* Info.plist */,
			);
			path = "10ten Japanese Reader";
			sourceTree = "<group>";
		};
		D3E4087C26831B75008F4D60 /* Frameworks */ = {
			isa = PBXGroup;
			children = (
				D3E4087D26831B75008F4D60 /* Cocoa.framework */,
			);
			name = Frameworks;
			sourceTree = "<group>";
		};
		D3E4087F26831B75008F4D60 /* 10ten Japanese Reader Extension */ = {
			isa = PBXGroup;
			children = (
				D3E4088D26831B77008F4D60 /* Resources */,
				D3E4088026831B75008F4D60 /* SafariWebExtensionHandler.swift */,
				D3E4088226831B75008F4D60 /* Info.plist */,
				D3E4088326831B75008F4D60 /* tenten-ja-reader-extension.entitlements */,
			);
			path = "10ten Japanese Reader Extension";
			sourceTree = "<group>";
		};
		D3E4088D26831B77008F4D60 /* Resources */ = {
			isa = PBXGroup;
			children = (
				D3E4088E26831B77008F4D60 /* 10ten-ja-background.js.map */,
				D3E4088F26831B77008F4D60 /* 10ten-ja-content.js.map */,
				D3E4089026831B77008F4D60 /* 10ten-ja-jpdict.js */,
				D3E4089126831B77008F4D60 /* css */,
				D3E4089226831B77008F4D60 /* images */,
				D3E4089326831B77008F4D60 /* 10ten-ja-background.js */,
				D3E4089426831B77008F4D60 /* 10ten-ja-options.js */,
				D3E4089526831B77008F4D60 /* 10ten-ja-jpdict.js.map */,
				D3E4089626831B77008F4D60 /* manifest.json */,
				D3E4089726831B77008F4D60 /* options.html */,
				D3E4089826831B77008F4D60 /* 10ten-ja-content.js */,
				D3E4089926831B77008F4D60 /* _locales */,
				D3E4089A26831B77008F4D60 /* data */,
				D3E4089B26831B77008F4D60 /* 10ten-ja-options.js.map */,
			);
			name = Resources;
			path = "10ten Japanese Reader Extension";
			sourceTree = SOURCE_ROOT;
		};
/* End PBXGroup section */

/* Begin PBXNativeTarget section */
		D3E4086526831B73008F4D60 /* 10ten Japanese Reader */ = {
			isa = PBXNativeTarget;
			buildConfigurationList = D3E4088A26831B75008F4D60 /* Build configuration list for PBXNativeTarget "10ten Japanese Reader" */;
			buildPhases = (
				D3E4086226831B73008F4D60 /* Sources */,
				D3E4086326831B73008F4D60 /* Frameworks */,
				D3E4086426831B73008F4D60 /* Resources */,
				D3E4088926831B75008F4D60 /* Embed App Extensions */,
			);
			buildRules = (
			);
			dependencies = (
				D3E4087B26831B75008F4D60 /* PBXTargetDependency */,
			);
			name = "10ten Japanese Reader";
			productName = "10ten Japanese Reader";
			productReference = D3E4086626831B73008F4D60 /* 10ten Japanese Reader.app */;
			productType = "com.apple.product-type.application";
		};
		D3E4087726831B75008F4D60 /* 10ten Japanese Reader Extension */ = {
			isa = PBXNativeTarget;
			buildConfigurationList = D3E4088626831B75008F4D60 /* Build configuration list for PBXNativeTarget "10ten Japanese Reader Extension" */;
			buildPhases = (
				D3E4087426831B75008F4D60 /* Sources */,
				D3E4087526831B75008F4D60 /* Frameworks */,
				D3E4087626831B75008F4D60 /* Resources */,
			);
			buildRules = (
			);
			dependencies = (
			);
			name = "10ten Japanese Reader Extension";
			productName = "10ten Japanese Reader Extension";
			productReference = D3E4087826831B75008F4D60 /* 10ten Japanese Reader Extension.appex */;
			productType = "com.apple.product-type.app-extension";
		};
/* End PBXNativeTarget section */

/* Begin PBXProject section */
		D3E4085E26831B73008F4D60 /* Project object */ = {
			isa = PBXProject;
			attributes = {
				LastSwiftUpdateCheck = 1250;
				LastUpgradeCheck = 1250;
				TargetAttributes = {
					D3E4086526831B73008F4D60 = {
						CreatedOnToolsVersion = 12.5;
					};
					D3E4087726831B75008F4D60 = {
						CreatedOnToolsVersion = 12.5;
					};
				};
			};
			buildConfigurationList = D3E4086126831B73008F4D60 /* Build configuration list for PBXProject "10ten Japanese Reader" */;
			compatibilityVersion = "Xcode 9.3";
			developmentRegion = en;
			hasScannedForEncodings = 0;
			knownRegions = (
				en,
				Base,
			);
			mainGroup = D3E4085D26831B73008F4D60;
			productRefGroup = D3E4086726831B73008F4D60 /* Products */;
			projectDirPath = "";
			projectRoot = "";
			targets = (
				D3E4086526831B73008F4D60 /* 10ten Japanese Reader */,
				D3E4087726831B75008F4D60 /* 10ten Japanese Reader Extension */,
			);
		};
/* End PBXProject section */

/* Begin PBXResourcesBuildPhase section */
		D3E4086426831B73008F4D60 /* Resources */ = {
			isa = PBXResourcesBuildPhase;
			buildActionMask = 2147483647;
			files = (
				D3E4087226831B75008F4D60 /* Assets.xcassets in Resources */,
				D3E4086E26831B73008F4D60 /* Main.storyboard in Resources */,
			);
			runOnlyForDeploymentPostprocessing = 0;
		};
		D3E4087626831B75008F4D60 /* Resources */ = {
			isa = PBXResourcesBuildPhase;
			buildActionMask = 2147483647;
			files = (
				D3E408A426831B77008F4D60 /* _locales in Resources */,
				D3E408A226831B77008F4D60 /* options.html in Resources */,
				D3E4089E26831B77008F4D60 /* images in Resources */,
				D3E4089D26831B77008F4D60 /* css in Resources */,
				D3E408A526831B77008F4D60 /* data in Resources */,
				D3E4089F26831B77008F4D60 /* 10ten-ja-background.js in Resources */,
				D3E4089C26831B77008F4D60 /* 10ten-ja-jpdict.js in Resources */,
				D3E408A126831B77008F4D60 /* manifest.json in Resources */,
				D3E408A326831B77008F4D60 /* 10ten-ja-content.js in Resources */,
				D3E408A026831B77008F4D60 /* 10ten-ja-options.js in Resources */,
			);
			runOnlyForDeploymentPostprocessing = 0;
		};
/* End PBXResourcesBuildPhase section */

/* Begin PBXSourcesBuildPhase section */
		D3E4086226831B73008F4D60 /* Sources */ = {
			isa = PBXSourcesBuildPhase;
			buildActionMask = 2147483647;
			files = (
				D3E4087026831B73008F4D60 /* ViewController.swift in Sources */,
				D3E4086B26831B73008F4D60 /* AppDelegate.swift in Sources */,
			);
			runOnlyForDeploymentPostprocessing = 0;
		};
		D3E4087426831B75008F4D60 /* Sources */ = {
			isa = PBXSourcesBuildPhase;
			buildActionMask = 2147483647;
			files = (
				D3E4088126831B75008F4D60 /* SafariWebExtensionHandler.swift in Sources */,
			);
			runOnlyForDeploymentPostprocessing = 0;
		};
/* End PBXSourcesBuildPhase section */

/* Begin PBXTargetDependency section */
		D3E4087B26831B75008F4D60 /* PBXTargetDependency */ = {
			isa = PBXTargetDependency;
			target = D3E4087726831B75008F4D60 /* 10ten Japanese Reader Extension */;
			targetProxy = D3E4087A26831B75008F4D60 /* PBXContainerItemProxy */;
		};
/* End PBXTargetDependency section */

/* Begin PBXVariantGroup section */
		D3E4086C26831B73008F4D60 /* Main.storyboard */ = {
			isa = PBXVariantGroup;
			children = (
				D3E4086D26831B73008F4D60 /* Base */,
			);
			name = Main.storyboard;
			sourceTree = "<group>";
		};
/* End PBXVariantGroup section */

/* Begin XCBuildConfiguration section */
		D3E4088426831B75008F4D60 /* Debug */ = {
			isa = XCBuildConfiguration;
			buildSettings = {
				ALWAYS_SEARCH_USER_PATHS = NO;
				CLANG_ANALYZER_NONNULL = YES;
				CLANG_ANALYZER_NUMBER_OBJECT_CONVERSION = YES_AGGRESSIVE;
				CLANG_CXX_LANGUAGE_STANDARD = "gnu++14";
				CLANG_CXX_LIBRARY = "libc++";
				CLANG_ENABLE_MODULES = YES;
				CLANG_ENABLE_OBJC_ARC = YES;
				CLANG_ENABLE_OBJC_WEAK = YES;
				CLANG_WARN_BLOCK_CAPTURE_AUTORELEASING = YES;
				CLANG_WARN_BOOL_CONVERSION = YES;
				CLANG_WARN_COMMA = YES;
				CLANG_WARN_CONSTANT_CONVERSION = YES;
				CLANG_WARN_DEPRECATED_OBJC_IMPLEMENTATIONS = YES;
				CLANG_WARN_DIRECT_OBJC_ISA_USAGE = YES_ERROR;
				CLANG_WARN_DOCUMENTATION_COMMENTS = YES;
				CLANG_WARN_EMPTY_BODY = YES;
				CLANG_WARN_ENUM_CONVERSION = YES;
				CLANG_WARN_INFINITE_RECURSION = YES;
				CLANG_WARN_INT_CONVERSION = YES;
				CLANG_WARN_NON_LITERAL_NULL_CONVERSION = YES;
				CLANG_WARN_OBJC_IMPLICIT_RETAIN_SELF = YES;
				CLANG_WARN_OBJC_LITERAL_CONVERSION = YES;
				CLANG_WARN_OBJC_ROOT_CLASS = YES_ERROR;
				CLANG_WARN_QUOTED_INCLUDE_IN_FRAMEWORK_HEADER = YES;
				CLANG_WARN_RANGE_LOOP_ANALYSIS = YES;
				CLANG_WARN_STRICT_PROTOTYPES = YES;
				CLANG_WARN_SUSPICIOUS_MOVE = YES;
				CLANG_WARN_UNGUARDED_AVAILABILITY = YES_AGGRESSIVE;
				CLANG_WARN_UNREACHABLE_CODE = YES;
				CLANG_WARN__DUPLICATE_METHOD_MATCH = YES;
				COPY_PHASE_STRIP = NO;
				DEBUG_INFORMATION_FORMAT = dwarf;
				ENABLE_STRICT_OBJC_MSGSEND = YES;
				ENABLE_TESTABILITY = YES;
				GCC_C_LANGUAGE_STANDARD = gnu11;
				GCC_DYNAMIC_NO_PIC = NO;
				GCC_NO_COMMON_BLOCKS = YES;
				GCC_OPTIMIZATION_LEVEL = 0;
				GCC_PREPROCESSOR_DEFINITIONS = (
					"DEBUG=1",
					"$(inherited)",
				);
				GCC_WARN_64_TO_32_BIT_CONVERSION = YES;
				GCC_WARN_ABOUT_RETURN_TYPE = YES_ERROR;
				GCC_WARN_UNDECLARED_SELECTOR = YES;
				GCC_WARN_UNINITIALIZED_AUTOS = YES_AGGRESSIVE;
				GCC_WARN_UNUSED_FUNCTION = YES;
				GCC_WARN_UNUSED_VARIABLE = YES;
				MACOSX_DEPLOYMENT_TARGET = 11.3;
				MTL_ENABLE_DEBUG_INFO = INCLUDE_SOURCE;
				MTL_FAST_MATH = YES;
				ONLY_ACTIVE_ARCH = YES;
				SDKROOT = macosx;
				SWIFT_ACTIVE_COMPILATION_CONDITIONS = DEBUG;
				SWIFT_OPTIMIZATION_LEVEL = "-Onone";
			};
			name = Debug;
		};
		D3E4088526831B75008F4D60 /* Release */ = {
			isa = XCBuildConfiguration;
			buildSettings = {
				ALWAYS_SEARCH_USER_PATHS = NO;
				CLANG_ANALYZER_NONNULL = YES;
				CLANG_ANALYZER_NUMBER_OBJECT_CONVERSION = YES_AGGRESSIVE;
				CLANG_CXX_LANGUAGE_STANDARD = "gnu++14";
				CLANG_CXX_LIBRARY = "libc++";
				CLANG_ENABLE_MODULES = YES;
				CLANG_ENABLE_OBJC_ARC = YES;
				CLANG_ENABLE_OBJC_WEAK = YES;
				CLANG_WARN_BLOCK_CAPTURE_AUTORELEASING = YES;
				CLANG_WARN_BOOL_CONVERSION = YES;
				CLANG_WARN_COMMA = YES;
				CLANG_WARN_CONSTANT_CONVERSION = YES;
				CLANG_WARN_DEPRECATED_OBJC_IMPLEMENTATIONS = YES;
				CLANG_WARN_DIRECT_OBJC_ISA_USAGE = YES_ERROR;
				CLANG_WARN_DOCUMENTATION_COMMENTS = YES;
				CLANG_WARN_EMPTY_BODY = YES;
				CLANG_WARN_ENUM_CONVERSION = YES;
				CLANG_WARN_INFINITE_RECURSION = YES;
				CLANG_WARN_INT_CONVERSION = YES;
				CLANG_WARN_NON_LITERAL_NULL_CONVERSION = YES;
				CLANG_WARN_OBJC_IMPLICIT_RETAIN_SELF = YES;
				CLANG_WARN_OBJC_LITERAL_CONVERSION = YES;
				CLANG_WARN_OBJC_ROOT_CLASS = YES_ERROR;
				CLANG_WARN_QUOTED_INCLUDE_IN_FRAMEWORK_HEADER = YES;
				CLANG_WARN_RANGE_LOOP_ANALYSIS = YES;
				CLANG_WARN_STRICT_PROTOTYPES = YES;
				CLANG_WARN_SUSPICIOUS_MOVE = YES;
				CLANG_WARN_UNGUARDED_AVAILABILITY = YES_AGGRESSIVE;
				CLANG_WARN_UNREACHABLE_CODE = YES;
				CLANG_WARN__DUPLICATE_METHOD_MATCH = YES;
				COPY_PHASE_STRIP = NO;
				DEBUG_INFORMATION_FORMAT = "dwarf-with-dsym";
				ENABLE_NS_ASSERTIONS = NO;
				ENABLE_STRICT_OBJC_MSGSEND = YES;
				GCC_C_LANGUAGE_STANDARD = gnu11;
				GCC_NO_COMMON_BLOCKS = YES;
				GCC_WARN_64_TO_32_BIT_CONVERSION = YES;
				GCC_WARN_ABOUT_RETURN_TYPE = YES_ERROR;
				GCC_WARN_UNDECLARED_SELECTOR = YES;
				GCC_WARN_UNINITIALIZED_AUTOS = YES_AGGRESSIVE;
				GCC_WARN_UNUSED_FUNCTION = YES;
				GCC_WARN_UNUSED_VARIABLE = YES;
				MACOSX_DEPLOYMENT_TARGET = 11.3;
				MTL_ENABLE_DEBUG_INFO = NO;
				MTL_FAST_MATH = YES;
				SDKROOT = macosx;
				SWIFT_COMPILATION_MODE = wholemodule;
				SWIFT_OPTIMIZATION_LEVEL = "-O";
			};
			name = Release;
		};
		D3E4088726831B75008F4D60 /* Debug */ = {
			isa = XCBuildConfiguration;
			buildSettings = {
				CODE_SIGN_ENTITLEMENTS = "10ten Japanese Reader Extension/tenten-ja-reader-extension.entitlements";
				CODE_SIGN_STYLE = Automatic;
				CURRENT_PROJECT_VERSION = 2;
				DEVELOPMENT_TEAM = H3RB7C8768;
				INFOPLIST_FILE = "10ten Japanese Reader Extension/Info.plist";
				LD_RUNPATH_SEARCH_PATHS = (
					"$(inherited)",
					"@executable_path/../Frameworks",
					"@executable_path/../../../../Frameworks",
				);
				MACOSX_DEPLOYMENT_TARGET = 10.14;
				PRODUCT_BUNDLE_IDENTIFIER = "jp.co.birchill.tenten-ja-reader.Extension";
				PRODUCT_NAME = "$(TARGET_NAME)";
				SKIP_INSTALL = YES;
				SWIFT_VERSION = 5.0;
			};
			name = Debug;
		};
		D3E4088826831B75008F4D60 /* Release */ = {
			isa = XCBuildConfiguration;
			buildSettings = {
				CODE_SIGN_ENTITLEMENTS = "10ten Japanese Reader Extension/tenten-ja-reader-extension.entitlements";
				CODE_SIGN_STYLE = Automatic;
				CURRENT_PROJECT_VERSION = 2;
				DEVELOPMENT_TEAM = H3RB7C8768;
				INFOPLIST_FILE = "10ten Japanese Reader Extension/Info.plist";
				LD_RUNPATH_SEARCH_PATHS = (
					"$(inherited)",
					"@executable_path/../Frameworks",
					"@executable_path/../../../../Frameworks",
				);
				MACOSX_DEPLOYMENT_TARGET = 10.14;
				PRODUCT_BUNDLE_IDENTIFIER = "jp.co.birchill.tenten-ja-reader.Extension";
				PRODUCT_NAME = "$(TARGET_NAME)";
				SKIP_INSTALL = YES;
				SWIFT_VERSION = 5.0;
			};
			name = Release;
		};
		D3E4088B26831B75008F4D60 /* Debug */ = {
			isa = XCBuildConfiguration;
			buildSettings = {
				ALWAYS_EMBED_SWIFT_STANDARD_LIBRARIES = YES;
				ASSETCATALOG_COMPILER_APPICON_NAME = AppIcon;
				ASSETCATALOG_COMPILER_GLOBAL_ACCENT_COLOR_NAME = AccentColor;
				CODE_SIGN_ENTITLEMENTS = "10ten Japanese Reader/tenten-ja-reader.entitlements";
				CODE_SIGN_STYLE = Automatic;
				COMBINE_HIDPI_IMAGES = YES;
				CURRENT_PROJECT_VERSION = 13;
				DEVELOPMENT_TEAM = H3RB7C8768;
				INFOPLIST_FILE = "10ten Japanese Reader/Info.plist";
				LD_RUNPATH_SEARCH_PATHS = (
					"$(inherited)",
					"@executable_path/../Frameworks",
				);
				MACOSX_DEPLOYMENT_TARGET = 10.14;
				PRODUCT_BUNDLE_IDENTIFIER = "jp.co.birchill.tenten-ja-reader";
				PRODUCT_NAME = "$(TARGET_NAME)";
				SWIFT_VERSION = 5.0;
			};
			name = Debug;
		};
		D3E4088C26831B75008F4D60 /* Release */ = {
			isa = XCBuildConfiguration;
			buildSettings = {
				ALWAYS_EMBED_SWIFT_STANDARD_LIBRARIES = YES;
				ASSETCATALOG_COMPILER_APPICON_NAME = AppIcon;
				ASSETCATALOG_COMPILER_GLOBAL_ACCENT_COLOR_NAME = AccentColor;
				CODE_SIGN_ENTITLEMENTS = "10ten Japanese Reader/tenten-ja-reader.entitlements";
				CODE_SIGN_STYLE = Automatic;
				COMBINE_HIDPI_IMAGES = YES;
				CURRENT_PROJECT_VERSION = 13;
				DEVELOPMENT_TEAM = H3RB7C8768;
				INFOPLIST_FILE = "10ten Japanese Reader/Info.plist";
				LD_RUNPATH_SEARCH_PATHS = (
					"$(inherited)",
					"@executable_path/../Frameworks",
				);
				MACOSX_DEPLOYMENT_TARGET = 10.14;
				PRODUCT_BUNDLE_IDENTIFIER = "jp.co.birchill.tenten-ja-reader";
				PRODUCT_NAME = "$(TARGET_NAME)";
				SWIFT_VERSION = 5.0;
			};
			name = Release;
		};
/* End XCBuildConfiguration section */

/* Begin XCConfigurationList section */
		D3E4086126831B73008F4D60 /* Build configuration list for PBXProject "10ten Japanese Reader" */ = {
			isa = XCConfigurationList;
			buildConfigurations = (
				D3E4088426831B75008F4D60 /* Debug */,
				D3E4088526831B75008F4D60 /* Release */,
			);
			defaultConfigurationIsVisible = 0;
			defaultConfigurationName = Release;
		};
		D3E4088626831B75008F4D60 /* Build configuration list for PBXNativeTarget "10ten Japanese Reader Extension" */ = {
			isa = XCConfigurationList;
			buildConfigurations = (
				D3E4088726831B75008F4D60 /* Debug */,
				D3E4088826831B75008F4D60 /* Release */,
			);
			defaultConfigurationIsVisible = 0;
			defaultConfigurationName = Release;
		};
		D3E4088A26831B75008F4D60 /* Build configuration list for PBXNativeTarget "10ten Japanese Reader" */ = {
			isa = XCConfigurationList;
			buildConfigurations = (
				D3E4088B26831B75008F4D60 /* Debug */,
				D3E4088C26831B75008F4D60 /* Release */,
			);
			defaultConfigurationIsVisible = 0;
			defaultConfigurationName = Release;
		};
/* End XCConfigurationList section */
	};
	rootObject = D3E4085E26831B73008F4D60 /* Project object */;
}
